
Microsoft Visual Studio Solution File, Format Version 12.00
# Visual Studio Version 17
VisualStudioVersion = 17.0.32014.148
MinimumVisualStudioVersion = 10.0.40219.1
Project("{FAE04EC0-301F-11D3-BF4B-00C04F79EFBC}") = "ProvisioningFuncApp", "ProvisioningFuncApp\ProvisioningFuncApp.csproj", "{6757B83D-D668-4881-AE2E-4B6E61D9ED8E}"
EndProject
Global
	GlobalSection(SolutionConfigurationPlatforms) = preSolution
		Debug|Any CPU = Debug|Any CPU
		Release|Any CPU = Release|Any CPU
	EndGlobalSection
	GlobalSection(ProjectConfigurationPlatforms) = postSolution
		{6757B83D-D668-4881-AE2E-4B6E61D9ED8E}.Debug|Any CPU.ActiveCfg = Debug|Any CPU
		{6757B83D-D668-4881-AE2E-4B6E61D9ED8E}.Debug|Any CPU.Build.0 = Debug|Any CPU
		{6757B83D-D668-4881-AE2E-4B6E61D9ED8E}.Release|Any CPU.ActiveCfg = Release|Any CPU
		{6757B83D-D668-4881-AE2E-4B6E61D9ED8E}.Release|Any CPU.Build.0 = Release|Any CPU
	EndGlobalSection
	GlobalSection(SolutionProperties) = preSolution
		HideSolutionNode = FALSE
	EndGlobalSection
	GlobalSection(ExtensibilityGlobals) = postSolution
		SolutionGuid = {C32B962B-550E-4EDC-9D97-3317870A48A9}
	EndGlobalSection
EndGlobal
